// !$*UTF8*$!
{
	archiveVersion = 1;
	classes = {
	};
	objectVersion = 46;
	objects = {

/* Begin PBXBuildFile section */
		8BB04A651DC9850200F50FDC /* main.m in Sources */ = {isa = PBXBuildFile; fileRef = 8BB04A641DC9850200F50FDC /* main.m */; };
		8BB04A681DC9850200F50FDC /* AppDelegate.m in Sources */ = {isa = PBXBuildFile; fileRef = 8BB04A671DC9850200F50FDC /* AppDelegate.m */; };
		8BB04A6E1DC9850200F50FDC /* Main.storyboard in Resources */ = {isa = PBXBuildFile; fileRef = 8BB04A6C1DC9850200F50FDC /* Main.storyboard */; };
		8BB04A701DC9850200F50FDC /* Assets.xcassets in Resources */ = {isa = PBXBuildFile; fileRef = 8BB04A6F1DC9850200F50FDC /* Assets.xcassets */; };
		8BB04A731DC9850200F50FDC /* LaunchScreen.storyboard in Resources */ = {isa = PBXBuildFile; fileRef = 8BB04A711DC9850200F50FDC /* LaunchScreen.storyboard */; };
		8BB04A7C1DC98EF000F50FDC /* libsqlite3.tbd in Frameworks */ = {isa = PBXBuildFile; fileRef = 8BB04A7B1DC98EF000F50FDC /* libsqlite3.tbd */; };
		8BB04A811DC98F8300F50FDC /* SignInViewController.m in Sources */ = {isa = PBXBuildFile; fileRef = 8BB04A801DC98F8300F50FDC /* SignInViewController.m */; };
		8BB04A841DC98FCD00F50FDC /* DBManager.m in Sources */ = {isa = PBXBuildFile; fileRef = 8BB04A831DC98FCD00F50FDC /* DBManager.m */; };
		8BB04A871DC9996400F50FDC /* SignUpViewController.m in Sources */ = {isa = PBXBuildFile; fileRef = 8BB04A861DC9996400F50FDC /* SignUpViewController.m */; };
		8BB04A8C1DC9D66B00F50FDC /* ListWordViewController.m in Sources */ = {isa = PBXBuildFile; fileRef = 8BB04A8B1DC9D66B00F50FDC /* ListWordViewController.m */; };
		8BB04A8F1DC9D8E300F50FDC /* NewWordViewController.m in Sources */ = {isa = PBXBuildFile; fileRef = 8BB04A8E1DC9D8E300F50FDC /* NewWordViewController.m */; };
/* End PBXBuildFile section */

/* Begin PBXFileReference section */
		8B4BBEE11DC9E8970031346C /* manageDB.sql */ = {isa = PBXFileReference; lastKnownFileType = file; path = manageDB.sql; sourceTree = "<group>"; };
		8BB04A601DC9850200F50FDC /* SQLiteDemo.app */ = {isa = PBXFileReference; explicitFileType = wrapper.application; includeInIndex = 0; path = SQLiteDemo.app; sourceTree = BUILT_PRODUCTS_DIR; };
		8BB04A641DC9850200F50FDC /* main.m */ = {isa = PBXFileReference; lastKnownFileType = sourcecode.c.objc; path = main.m; sourceTree = "<group>"; };
		8BB04A661DC9850200F50FDC /* AppDelegate.h */ = {isa = PBXFileReference; lastKnownFileType = sourcecode.c.h; path = AppDelegate.h; sourceTree = "<group>"; };
		8BB04A671DC9850200F50FDC /* AppDelegate.m */ = {isa = PBXFileReference; lastKnownFileType = sourcecode.c.objc; path = AppDelegate.m; sourceTree = "<group>"; };
		8BB04A6D1DC9850200F50FDC /* Base */ = {isa = PBXFileReference; lastKnownFileType = file.storyboard; name = Base; path = Base.lproj/Main.storyboard; sourceTree = "<group>"; };
		8BB04A6F1DC9850200F50FDC /* Assets.xcassets */ = {isa = PBXFileReference; lastKnownFileType = folder.assetcatalog; path = Assets.xcassets; sourceTree = "<group>"; };
		8BB04A721DC9850200F50FDC /* Base */ = {isa = PBXFileReference; lastKnownFileType = file.storyboard; name = Base; path = Base.lproj/LaunchScreen.storyboard; sourceTree = "<group>"; };
		8BB04A741DC9850200F50FDC /* Info.plist */ = {isa = PBXFileReference; lastKnownFileType = text.plist.xml; path = Info.plist; sourceTree = "<group>"; };
		8BB04A7B1DC98EF000F50FDC /* libsqlite3.tbd */ = {isa = PBXFileReference; lastKnownFileType = "sourcecode.text-based-dylib-definition"; name = libsqlite3.tbd; path = usr/lib/libsqlite3.tbd; sourceTree = SDKROOT; };
		8BB04A7F1DC98F8300F50FDC /* SignInViewController.h */ = {isa = PBXFileReference; fileEncoding = 4; lastKnownFileType = sourcecode.c.h; path = SignInViewController.h; sourceTree = "<group>"; };
		8BB04A801DC98F8300F50FDC /* SignInViewController.m */ = {isa = PBXFileReference; fileEncoding = 4; lastKnownFileType = sourcecode.c.objc; path = SignInViewController.m; sourceTree = "<group>"; };
		8BB04A821DC98FCD00F50FDC /* DBManager.h */ = {isa = PBXFileReference; fileEncoding = 4; lastKnownFileType = sourcecode.c.h; path = DBManager.h; sourceTree = "<group>"; };
		8BB04A831DC98FCD00F50FDC /* DBManager.m */ = {isa = PBXFileReference; fileEncoding = 4; lastKnownFileType = sourcecode.c.objc; path = DBManager.m; sourceTree = "<group>"; };
		8BB04A851DC9996400F50FDC /* SignUpViewController.h */ = {isa = PBXFileReference; fileEncoding = 4; lastKnownFileType = sourcecode.c.h; path = SignUpViewController.h; sourceTree = "<group>"; };
		8BB04A861DC9996400F50FDC /* SignUpViewController.m */ = {isa = PBXFileReference; fileEncoding = 4; lastKnownFileType = sourcecode.c.objc; path = SignUpViewController.m; sourceTree = "<group>"; };
		8BB04A8A1DC9D66B00F50FDC /* ListWordViewController.h */ = {isa = PBXFileReference; fileEncoding = 4; lastKnownFileType = sourcecode.c.h; path = ListWordViewController.h; sourceTree = "<group>"; };
		8BB04A8B1DC9D66B00F50FDC /* ListWordViewController.m */ = {isa = PBXFileReference; fileEncoding = 4; lastKnownFileType = sourcecode.c.objc; path = ListWordViewController.m; sourceTree = "<group>"; };
		8BB04A8D1DC9D8E300F50FDC /* NewWordViewController.h */ = {isa = PBXFileReference; fileEncoding = 4; lastKnownFileType = sourcecode.c.h; path = NewWordViewController.h; sourceTree = "<group>"; };
		8BB04A8E1DC9D8E300F50FDC /* NewWordViewController.m */ = {isa = PBXFileReference; fileEncoding = 4; lastKnownFileType = sourcecode.c.objc; path = NewWordViewController.m; sourceTree = "<group>"; };
/* End PBXFileReference section */

/* Begin PBXFrameworksBuildPhase section */
		8BB04A5D1DC9850200F50FDC /* Frameworks */ = {
			isa = PBXFrameworksBuildPhase;
			buildActionMask = 2147483647;
			files = (
				8BB04A7C1DC98EF000F50FDC /* libsqlite3.tbd in Frameworks */,
			);
			runOnlyForDeploymentPostprocessing = 0;
		};
/* End PBXFrameworksBuildPhase section */

/* Begin PBXGroup section */
		8BB04A571DC9850200F50FDC = {
			isa = PBXGroup;
			children = (
				8BB04A621DC9850200F50FDC /* SQLiteDemo */,
				8BB04A611DC9850200F50FDC /* Products */,
				8BB04A7A1DC98EF000F50FDC /* Frameworks */,
			);
			sourceTree = "<group>";
		};
		8BB04A611DC9850200F50FDC /* Products */ = {
			isa = PBXGroup;
			children = (
				8BB04A601DC9850200F50FDC /* SQLiteDemo.app */,
			);
			name = Products;
			sourceTree = "<group>";
		};
		8BB04A621DC9850200F50FDC /* SQLiteDemo */ = {
			isa = PBXGroup;
			children = (
				8B4BBEE11DC9E8970031346C /* manageDB.sql */,
				8BB04A7E1DC98F8300F50FDC /* ViewController */,
				8BB04A7D1DC98F7B00F50FDC /* Database */,
				8BB04A661DC9850200F50FDC /* AppDelegate.h */,
				8BB04A671DC9850200F50FDC /* AppDelegate.m */,
				8BB04A6C1DC9850200F50FDC /* Main.storyboard */,
				8BB04A6F1DC9850200F50FDC /* Assets.xcassets */,
				8BB04A711DC9850200F50FDC /* LaunchScreen.storyboard */,
				8BB04A741DC9850200F50FDC /* Info.plist */,
				8BB04A631DC9850200F50FDC /* Supporting Files */,
			);
			name = SQLiteDemo;
			path = SQLLiteDemo;
			sourceTree = "<group>";
		};
		8BB04A631DC9850200F50FDC /* Supporting Files */ = {
			isa = PBXGroup;
			children = (
				8BB04A641DC9850200F50FDC /* main.m */,
			);
			name = "Supporting Files";
			sourceTree = "<group>";
		};
		8BB04A7A1DC98EF000F50FDC /* Frameworks */ = {
			isa = PBXGroup;
			children = (
				8BB04A7B1DC98EF000F50FDC /* libsqlite3.tbd */,
			);
			name = Frameworks;
			sourceTree = "<group>";
		};
		8BB04A7D1DC98F7B00F50FDC /* Database */ = {
			isa = PBXGroup;
			children = (
				8BB04A821DC98FCD00F50FDC /* DBManager.h */,
				8BB04A831DC98FCD00F50FDC /* DBManager.m */,
			);
			path = Database;
			sourceTree = "<group>";
		};
		8BB04A7E1DC98F8300F50FDC /* ViewController */ = {
			isa = PBXGroup;
			children = (
				8BB04A7F1DC98F8300F50FDC /* SignInViewController.h */,
				8BB04A801DC98F8300F50FDC /* SignInViewController.m */,
				8BB04A851DC9996400F50FDC /* SignUpViewController.h */,
				8BB04A861DC9996400F50FDC /* SignUpViewController.m */,
				8BB04A8A1DC9D66B00F50FDC /* ListWordViewController.h */,
				8BB04A8B1DC9D66B00F50FDC /* ListWordViewController.m */,
				8BB04A8D1DC9D8E300F50FDC /* NewWordViewController.h */,
				8BB04A8E1DC9D8E300F50FDC /* NewWordViewController.m */,
			);
			path = ViewController;
			sourceTree = "<group>";
		};
/* End PBXGroup section */

/* Begin PBXNativeTarget section */
		8BB04A5F1DC9850200F50FDC /* SQLiteDemo */ = {
			isa = PBXNativeTarget;
			buildConfigurationList = 8BB04A771DC9850200F50FDC /* Build configuration list for PBXNativeTarget "SQLiteDemo" */;
			buildPhases = (
				8BB04A5C1DC9850200F50FDC /* Sources */,
				8BB04A5D1DC9850200F50FDC /* Frameworks */,
				8BB04A5E1DC9850200F50FDC /* Resources */,
			);
			buildRules = (
			);
			dependencies = (
			);
			name = SQLiteDemo;
			productName = SQLLiteDemo;
			productReference = 8BB04A601DC9850200F50FDC /* SQLiteDemo.app */;
			productType = "com.apple.product-type.application";
		};
/* End PBXNativeTarget section */

/* Begin PBXProject section */
		8BB04A581DC9850200F50FDC /* Project object */ = {
			isa = PBXProject;
			attributes = {
				LastUpgradeCheck = 0800;
				ORGANIZATIONNAME = themask;
				TargetAttributes = {
					8BB04A5F1DC9850200F50FDC = {
						CreatedOnToolsVersion = 8.0;
						ProvisioningStyle = Automatic;
					};
				};
			};
			buildConfigurationList = 8BB04A5B1DC9850200F50FDC /* Build configuration list for PBXProject "SQLiteDemo" */;
			compatibilityVersion = "Xcode 3.2";
			developmentRegion = English;
			hasScannedForEncodings = 0;
			knownRegions = (
				en,
				Base,
			);
			mainGroup = 8BB04A571DC9850200F50FDC;
			productRefGroup = 8BB04A611DC9850200F50FDC /* Products */;
			projectDirPath = "";
			projectRoot = "";
			targets = (
				8BB04A5F1DC9850200F50FDC /* SQLiteDemo */,
			);
		};
/* End PBXProject section */

/* Begin PBXResourcesBuildPhase section */
		8BB04A5E1DC9850200F50FDC /* Resources */ = {
			isa = PBXResourcesBuildPhase;
			buildActionMask = 2147483647;
			files = (
				8BB04A731DC9850200F50FDC /* LaunchScreen.storyboard in Resources */,
				8BB04A701DC9850200F50FDC /* Assets.xcassets in Resources */,
				8BB04A6E1DC9850200F50FDC /* Main.storyboard in Resources */,
			);
			runOnlyForDeploymentPostprocessing = 0;
		};
/* End PBXResourcesBuildPhase section */

/* Begin PBXSourcesBuildPhase section */
		8BB04A5C1DC9850200F50FDC /* Sources */ = {
			isa = PBXSourcesBuildPhase;
			buildActionMask = 2147483647;
			files = (
				8BB04A811DC98F8300F50FDC /* SignInViewController.m in Sources */,
				8BB04A8C1DC9D66B00F50FDC /* ListWordViewController.m in Sources */,
				8BB04A871DC9996400F50FDC /* SignUpViewController.m in Sources */,
				8BB04A681DC9850200F50FDC /* AppDelegate.m in Sources */,
				8BB04A651DC9850200F50FDC /* main.m in Sources */,
				8BB04A8F1DC9D8E300F50FDC /* NewWordViewController.m in Sources */,
				8BB04A841DC98FCD00F50FDC /* DBManager.m in Sources */,
			);
			runOnlyForDeploymentPostprocessing = 0;
		};
/* End PBXSourcesBuildPhase section */

/* Begin PBXVariantGroup section */
		8BB04A6C1DC9850200F50FDC /* Main.storyboard */ = {
			isa = PBXVariantGroup;
			children = (
				8BB04A6D1DC9850200F50FDC /* Base */,
			);
			name = Main.storyboard;
			sourceTree = "<group>";
		};
		8BB04A711DC9850200F50FDC /* LaunchScreen.storyboard */ = {
			isa = PBXVariantGroup;
			children = (
				8BB04A721DC9850200F50FDC /* Base */,
			);
			name = LaunchScreen.storyboard;
			sourceTree = "<group>";
		};
/* End PBXVariantGroup section */

/* Begin XCBuildConfiguration section */
		8BB04A751DC9850200F50FDC /* Debug */ = {
			isa = XCBuildConfiguration;
			buildSettings = {
				ALWAYS_SEARCH_USER_PATHS = NO;
				CLANG_ANALYZER_NONNULL = YES;
				CLANG_CXX_LANGUAGE_STANDARD = "gnu++0x";
				CLANG_CXX_LIBRARY = "libc++";
				CLANG_ENABLE_MODULES = YES;
				CLANG_ENABLE_OBJC_ARC = YES;
				CLANG_WARN_BOOL_CONVERSION = YES;
				CLANG_WARN_CONSTANT_CONVERSION = YES;
				CLANG_WARN_DIRECT_OBJC_ISA_USAGE = YES_ERROR;
				CLANG_WARN_DOCUMENTATION_COMMENTS = YES;
				CLANG_WARN_EMPTY_BODY = YES;
				CLANG_WARN_ENUM_CONVERSION = YES;
				CLANG_WARN_INFINITE_RECURSION = YES;
				CLANG_WARN_INT_CONVERSION = YES;
				CLANG_WARN_OBJC_ROOT_CLASS = YES_ERROR;
				CLANG_WARN_SUSPICIOUS_MOVES = YES;
				CLANG_WARN_UNREACHABLE_CODE = YES;
				CLANG_WARN__DUPLICATE_METHOD_MATCH = YES;
				"CODE_SIGN_IDENTITY[sdk=iphoneos*]" = "iPhone Developer";
				COPY_PHASE_STRIP = NO;
				DEBUG_INFORMATION_FORMAT = dwarf;
				ENABLE_STRICT_OBJC_MSGSEND = YES;
				ENABLE_TESTABILITY = YES;
				GCC_C_LANGUAGE_STANDARD = gnu99;
				GCC_DYNAMIC_NO_PIC = NO;
				GCC_NO_COMMON_BLOCKS = YES;
				GCC_OPTIMIZATION_LEVEL = 0;
				GCC_PREPROCESSOR_DEFINITIONS = (
					"DEBUG=1",
					"$(inherited)",
				);
				GCC_WARN_64_TO_32_BIT_CONVERSION = YES;
				GCC_WARN_ABOUT_RETURN_TYPE = YES_ERROR;
				GCC_WARN_UNDECLARED_SELECTOR = YES;
				GCC_WARN_UNINITIALIZED_AUTOS = YES_AGGRESSIVE;
				GCC_WARN_UNUSED_FUNCTION = YES;
				GCC_WARN_UNUSED_VARIABLE = YES;
				IPHONEOS_DEPLOYMENT_TARGET = 10.0;
				MTL_ENABLE_DEBUG_INFO = YES;
				ONLY_ACTIVE_ARCH = YES;
				SDKROOT = iphoneos;
			};
			name = Debug;
		};
		8BB04A761DC9850200F50FDC /* Release */ = {
			isa = XCBuildConfiguration;
			buildSettings = {
				ALWAYS_SEARCH_USER_PATHS = NO;
				CLANG_ANALYZER_NONNULL = YES;
				CLANG_CXX_LANGUAGE_STANDARD = "gnu++0x";
				CLANG_CXX_LIBRARY = "libc++";
				CLANG_ENABLE_MODULES = YES;
				CLANG_ENABLE_OBJC_ARC = YES;
				CLANG_WARN_BOOL_CONVERSION = YES;
				CLANG_WARN_CONSTANT_CONVERSION = YES;
				CLANG_WARN_DIRECT_OBJC_ISA_USAGE = YES_ERROR;
				CLANG_WARN_DOCUMENTATION_COMMENTS = YES;
				CLANG_WARN_EMPTY_BODY = YES;
				CLANG_WARN_ENUM_CONVERSION = YES;
				CLANG_WARN_INFINITE_RECURSION = YES;
				CLANG_WARN_INT_CONVERSION = YES;
				CLANG_WARN_OBJC_ROOT_CLASS = YES_ERROR;
				CLANG_WARN_SUSPICIOUS_MOVES = YES;
				CLANG_WARN_UNREACHABLE_CODE = YES;
				CLANG_WARN__DUPLICATE_METHOD_MATCH = YES;
				"CODE_SIGN_IDENTITY[sdk=iphoneos*]" = "iPhone Developer";
				COPY_PHASE_STRIP = NO;
				DEBUG_INFORMATION_FORMAT = "dwarf-with-dsym";
				ENABLE_NS_ASSERTIONS = NO;
				ENABLE_STRICT_OBJC_MSGSEND = YES;
				GCC_C_LANGUAGE_STANDARD = gnu99;
				GCC_NO_COMMON_BLOCKS = YES;
				GCC_WARN_64_TO_32_BIT_CONVERSION = YES;
				GCC_WARN_ABOUT_RETURN_TYPE = YES_ERROR;
				GCC_WARN_UNDECLARED_SELECTOR = YES;
				GCC_WARN_UNINITIALIZED_AUTOS = YES_AGGRESSIVE;
				GCC_WARN_UNUSED_FUNCTION = YES;
				GCC_WARN_UNUSED_VARIABLE = YES;
				IPHONEOS_DEPLOYMENT_TARGET = 10.0;
				MTL_ENABLE_DEBUG_INFO = NO;
				SDKROOT = iphoneos;
				VALIDATE_PRODUCT = YES;
			};
			name = Release;
		};
		8BB04A781DC9850200F50FDC /* Debug */ = {
			isa = XCBuildConfiguration;
			buildSettings = {
				ASSETCATALOG_COMPILER_APPICON_NAME = AppIcon;
				INFOPLIST_FILE = SQLLiteDemo/Info.plist;
				LD_RUNPATH_SEARCH_PATHS = "$(inherited) @executable_path/Frameworks";
				PRODUCT_BUNDLE_IDENTIFIER = com.themask.SQLiteDemo;
				PRODUCT_NAME = "$(TARGET_NAME)";
			};
			name = Debug;
		};
		8BB04A791DC9850200F50FDC /* Release */ = {
			isa = XCBuildConfiguration;
			buildSettings = {
				ASSETCATALOG_COMPILER_APPICON_NAME = AppIcon;
				INFOPLIST_FILE = SQLLiteDemo/Info.plist;
				LD_RUNPATH_SEARCH_PATHS = "$(inherited) @executable_path/Frameworks";
				PRODUCT_BUNDLE_IDENTIFIER = com.themask.SQLiteDemo;
				PRODUCT_NAME = "$(TARGET_NAME)";
			};
			name = Release;
		};
/* End XCBuildConfiguration section */

/* Begin XCConfigurationList section */
		8BB04A5B1DC9850200F50FDC /* Build configuration list for PBXProject "SQLiteDemo" */ = {
			isa = XCConfigurationList;
			buildConfigurations = (
				8BB04A751DC9850200F50FDC /* Debug */,
				8BB04A761DC9850200F50FDC /* Release */,
			);
			defaultConfigurationIsVisible = 0;
			defaultConfigurationName = Release;
		};
		8BB04A771DC9850200F50FDC /* Build configuration list for PBXNativeTarget "SQLiteDemo" */ = {
			isa = XCConfigurationList;
			buildConfigurations = (
				8BB04A781DC9850200F50FDC /* Debug */,
				8BB04A791DC9850200F50FDC /* Release */,
			);
			defaultConfigurationIsVisible = 0;
			defaultConfigurationName = Release;
		};
/* End XCConfigurationList section */
	};
	rootObject = 8BB04A581DC9850200F50FDC /* Project object */;
}
